
Microsoft Visual Studio Solution File, Format Version 12.00
# Visual Studio Version 17
VisualStudioVersion = 17.0.31903.59
MinimumVisualStudioVersion = 10.0.40219.1
Project("{FAE04EC0-301F-11D3-BF4B-00C04F79EFBC}") = "OrbModding.Common", "src\OrbModding.Common\OrbModding.Common.csproj", "{F9873121-3B2B-4C5D-9BA7-2E52D6D9F081}"
EndProject
Project("{FAE04EC0-301F-11D3-BF4B-00C04F79EFBC}") = "OrbAutomata", "src\OrbAutomata\OrbAutomata.csproj", "{7A3C2793-D648-44C6-91D4-123297C79262}"
EndProject
Project("{FAE04EC0-301F-11D3-BF4B-00C04F79EFBC}") = "OrbModConfig", "src\OrbModConfig\OrbModConfig.csproj", "{A7B8A00E-4F2F-45B8-99AA-6C08CEAA5C14}"
EndProject
Project("{FAE04EC0-301F-11D3-BF4B-00C04F79EFBC}") = "OrbModding.GameStubs", "tests\OrbModding.GameStubs\OrbModding.GameStubs.csproj", "{34CB52F2-D03E-42EF-9341-58BB60BED40D}"
EndProject
Project("{FAE04EC0-301F-11D3-BF4B-00C04F79EFBC}") = "OrbModding.Tests", "tests\OrbModding.Tests\OrbModding.Tests.csproj", "{B439F5D9-E9C9-474A-AF66-6C84340D39DE}"
EndProject
Project("{FAE04EC0-301F-11D3-BF4B-00C04F79EFBC}") = "OrbModding.GameContractTests", "tests\OrbModding.GameContractTests\OrbModding.GameContractTests.csproj", "{86EF7605-08AE-45EC-833C-A7A11DC054F7}"
EndProject
Project("{2150E333-8FDC-42A3-9474-1A3956D46DE8}") = "src", "src", "{827E0CD3-B72D-47B6-A68D-7590B98EB39B}"
EndProject
Project("{FAE04EC0-301F-11D3-BF4B-00C04F79EFBC}") = "OrbMentor", "src\OrbMentor\OrbMentor.csproj", "{D9B6E99C-13EC-47AF-9000-42FF135AE7A9}"
EndProject
Global
	GlobalSection(SolutionConfigurationPlatforms) = preSolution
		Debug|Any CPU = Debug|Any CPU
		Debug|x64 = Debug|x64
		Debug|x86 = Debug|x86
		Release|Any CPU = Release|Any CPU
		Release|x64 = Release|x64
		Release|x86 = Release|x86
	EndGlobalSection
	GlobalSection(ProjectConfigurationPlatforms) = postSolution
		{F9873121-3B2B-4C5D-9BA7-2E52D6D9F081}.Debug|Any CPU.ActiveCfg = Debug|Any CPU
		{F9873121-3B2B-4C5D-9BA7-2E52D6D9F081}.Debug|Any CPU.Build.0 = Debug|Any CPU
		{F9873121-3B2B-4C5D-9BA7-2E52D6D9F081}.Debug|x64.ActiveCfg = Debug|Any CPU
		{F9873121-3B2B-4C5D-9BA7-2E52D6D9F081}.Debug|x64.Build.0 = Debug|Any CPU
		{F9873121-3B2B-4C5D-9BA7-2E52D6D9F081}.Debug|x86.ActiveCfg = Debug|Any CPU
		{F9873121-3B2B-4C5D-9BA7-2E52D6D9F081}.Debug|x86.Build.0 = Debug|Any CPU
		{F9873121-3B2B-4C5D-9BA7-2E52D6D9F081}.Release|Any CPU.ActiveCfg = Release|Any CPU
		{F9873121-3B2B-4C5D-9BA7-2E52D6D9F081}.Release|Any CPU.Build.0 = Release|Any CPU
		{F9873121-3B2B-4C5D-9BA7-2E52D6D9F081}.Release|x64.ActiveCfg = Release|Any CPU
		{F9873121-3B2B-4C5D-9BA7-2E52D6D9F081}.Release|x64.Build.0 = Release|Any CPU
		{F9873121-3B2B-4C5D-9BA7-2E52D6D9F081}.Release|x86.ActiveCfg = Release|Any CPU
		{F9873121-3B2B-4C5D-9BA7-2E52D6D9F081}.Release|x86.Build.0 = Release|Any CPU
		{7A3C2793-D648-44C6-91D4-123297C79262}.Debug|Any CPU.ActiveCfg = Debug|Any CPU
		{7A3C2793-D648-44C6-91D4-123297C79262}.Debug|Any CPU.Build.0 = Debug|Any CPU
		{7A3C2793-D648-44C6-91D4-123297C79262}.Debug|x64.ActiveCfg = Debug|Any CPU
		{7A3C2793-D648-44C6-91D4-123297C79262}.Debug|x64.Build.0 = Debug|Any CPU
		{7A3C2793-D648-44C6-91D4-123297C79262}.Debug|x86.ActiveCfg = Debug|Any CPU
		{7A3C2793-D648-44C6-91D4-123297C79262}.Debug|x86.Build.0 = Debug|Any CPU
		{7A3C2793-D648-44C6-91D4-123297C79262}.Release|Any CPU.ActiveCfg = Release|Any CPU
		{7A3C2793-D648-44C6-91D4-123297C79262}.Release|Any CPU.Build.0 = Release|Any CPU
		{7A3C2793-D648-44C6-91D4-123297C79262}.Release|x64.ActiveCfg = Release|Any CPU
		{7A3C2793-D648-44C6-91D4-123297C79262}.Release|x64.Build.0 = Release|Any CPU
		{7A3C2793-D648-44C6-91D4-123297C79262}.Release|x86.ActiveCfg = Release|Any CPU
		{7A3C2793-D648-44C6-91D4-123297C79262}.Release|x86.Build.0 = Release|Any CPU
		{A7B8A00E-4F2F-45B8-99AA-6C08CEAA5C14}.Debug|Any CPU.ActiveCfg = Debug|Any CPU
		{A7B8A00E-4F2F-45B8-99AA-6C08CEAA5C14}.Debug|Any CPU.Build.0 = Debug|Any CPU
		{A7B8A00E-4F2F-45B8-99AA-6C08CEAA5C14}.Debug|x64.ActiveCfg = Debug|Any CPU
		{A7B8A00E-4F2F-45B8-99AA-6C08CEAA5C14}.Debug|x64.Build.0 = Debug|Any CPU
		{A7B8A00E-4F2F-45B8-99AA-6C08CEAA5C14}.Debug|x86.ActiveCfg = Debug|Any CPU
		{A7B8A00E-4F2F-45B8-99AA-6C08CEAA5C14}.Debug|x86.Build.0 = Debug|Any CPU
		{A7B8A00E-4F2F-45B8-99AA-6C08CEAA5C14}.Release|Any CPU.ActiveCfg = Release|Any CPU
		{A7B8A00E-4F2F-45B8-99AA-6C08CEAA5C14}.Release|Any CPU.Build.0 = Release|Any CPU
		{A7B8A00E-4F2F-45B8-99AA-6C08CEAA5C14}.Release|x64.ActiveCfg = Release|Any CPU
		{A7B8A00E-4F2F-45B8-99AA-6C08CEAA5C14}.Release|x64.Build.0 = Release|Any CPU
		{A7B8A00E-4F2F-45B8-99AA-6C08CEAA5C14}.Release|x86.ActiveCfg = Release|Any CPU
		{A7B8A00E-4F2F-45B8-99AA-6C08CEAA5C14}.Release|x86.Build.0 = Release|Any CPU
		{34CB52F2-D03E-42EF-9341-58BB60BED40D}.Debug|Any CPU.ActiveCfg = Debug|Any CPU
		{34CB52F2-D03E-42EF-9341-58BB60BED40D}.Debug|Any CPU.Build.0 = Debug|Any CPU
		{34CB52F2-D03E-42EF-9341-58BB60BED40D}.Debug|x64.ActiveCfg = Debug|Any CPU
		{34CB52F2-D03E-42EF-9341-58BB60BED40D}.Debug|x64.Build.0 = Debug|Any CPU
		{34CB52F2-D03E-42EF-9341-58BB60BED40D}.Debug|x86.ActiveCfg = Debug|Any CPU
		{34CB52F2-D03E-42EF-9341-58BB60BED40D}.Debug|x86.Build.0 = Debug|Any CPU
		{34CB52F2-D03E-42EF-9341-58BB60BED40D}.Release|Any CPU.ActiveCfg = Release|Any CPU
		{34CB52F2-D03E-42EF-9341-58BB60BED40D}.Release|Any CPU.Build.0 = Release|Any CPU
		{34CB52F2-D03E-42EF-9341-58BB60BED40D}.Release|x64.ActiveCfg = Release|Any CPU
		{34CB52F2-D03E-42EF-9341-58BB60BED40D}.Release|x64.Build.0 = Release|Any CPU
		{34CB52F2-D03E-42EF-9341-58BB60BED40D}.Release|x86.ActiveCfg = Release|Any CPU
		{34CB52F2-D03E-42EF-9341-58BB60BED40D}.Release|x86.Build.0 = Release|Any CPU
		{B439F5D9-E9C9-474A-AF66-6C84340D39DE}.Debug|Any CPU.ActiveCfg = Debug|Any CPU
		{B439F5D9-E9C9-474A-AF66-6C84340D39DE}.Debug|Any CPU.Build.0 = Debug|Any CPU
		{B439F5D9-E9C9-474A-AF66-6C84340D39DE}.Debug|x64.ActiveCfg = Debug|Any CPU
		{B439F5D9-E9C9-474A-AF66-6C84340D39DE}.Debug|x64.Build.0 = Debug|Any CPU
		{B439F5D9-E9C9-474A-AF66-6C84340D39DE}.Debug|x86.ActiveCfg = Debug|Any CPU
		{B439F5D9-E9C9-474A-AF66-6C84340D39DE}.Debug|x86.Build.0 = Debug|Any CPU
		{B439F5D9-E9C9-474A-AF66-6C84340D39DE}.Release|Any CPU.ActiveCfg = Release|Any CPU
		{B439F5D9-E9C9-474A-AF66-6C84340D39DE}.Release|Any CPU.Build.0 = Release|Any CPU
		{B439F5D9-E9C9-474A-AF66-6C84340D39DE}.Release|x64.ActiveCfg = Release|Any CPU
		{B439F5D9-E9C9-474A-AF66-6C84340D39DE}.Release|x64.Build.0 = Release|Any CPU
		{B439F5D9-E9C9-474A-AF66-6C84340D39DE}.Release|x86.ActiveCfg = Release|Any CPU
		{B439F5D9-E9C9-474A-AF66-6C84340D39DE}.Release|x86.Build.0 = Release|Any CPU
		{86EF7605-08AE-45EC-833C-A7A11DC054F7}.Debug|Any CPU.ActiveCfg = Debug|Any CPU
		{86EF7605-08AE-45EC-833C-A7A11DC054F7}.Debug|Any CPU.Build.0 = Debug|Any CPU
		{86EF7605-08AE-45EC-833C-A7A11DC054F7}.Debug|x64.ActiveCfg = Debug|Any CPU
		{86EF7605-08AE-45EC-833C-A7A11DC054F7}.Debug|x64.Build.0 = Debug|Any CPU
		{86EF7605-08AE-45EC-833C-A7A11DC054F7}.Debug|x86.ActiveCfg = Debug|Any CPU
		{86EF7605-08AE-45EC-833C-A7A11DC054F7}.Debug|x86.Build.0 = Debug|Any CPU
		{86EF7605-08AE-45EC-833C-A7A11DC054F7}.Release|Any CPU.ActiveCfg = Release|Any CPU
		{86EF7605-08AE-45EC-833C-A7A11DC054F7}.Release|Any CPU.Build.0 = Release|Any CPU
		{86EF7605-08AE-45EC-833C-A7A11DC054F7}.Release|x64.ActiveCfg = Release|Any CPU
		{86EF7605-08AE-45EC-833C-A7A11DC054F7}.Release|x64.Build.0 = Release|Any CPU
		{86EF7605-08AE-45EC-833C-A7A11DC054F7}.Release|x86.ActiveCfg = Release|Any CPU
		{86EF7605-08AE-45EC-833C-A7A11DC054F7}.Release|x86.Build.0 = Release|Any CPU
		{D9B6E99C-13EC-47AF-9000-42FF135AE7A9}.Debug|Any CPU.ActiveCfg = Debug|Any CPU
		{D9B6E99C-13EC-47AF-9000-42FF135AE7A9}.Debug|Any CPU.Build.0 = Debug|Any CPU
		{D9B6E99C-13EC-47AF-9000-42FF135AE7A9}.Debug|x64.ActiveCfg = Debug|Any CPU
		{D9B6E99C-13EC-47AF-9000-42FF135AE7A9}.Debug|x64.Build.0 = Debug|Any CPU
		{D9B6E99C-13EC-47AF-9000-42FF135AE7A9}.Debug|x86.ActiveCfg = Debug|Any CPU
		{D9B6E99C-13EC-47AF-9000-42FF135AE7A9}.Debug|x86.Build.0 = Debug|Any CPU
		{D9B6E99C-13EC-47AF-9000-42FF135AE7A9}.Release|Any CPU.ActiveCfg = Release|Any CPU
		{D9B6E99C-13EC-47AF-9000-42FF135AE7A9}.Release|Any CPU.Build.0 = Release|Any CPU
		{D9B6E99C-13EC-47AF-9000-42FF135AE7A9}.Release|x64.ActiveCfg = Release|Any CPU
		{D9B6E99C-13EC-47AF-9000-42FF135AE7A9}.Release|x64.Build.0 = Release|Any CPU
		{D9B6E99C-13EC-47AF-9000-42FF135AE7A9}.Release|x86.ActiveCfg = Release|Any CPU
		{D9B6E99C-13EC-47AF-9000-42FF135AE7A9}.Release|x86.Build.0 = Release|Any CPU
	EndGlobalSection
	GlobalSection(SolutionProperties) = preSolution
		HideSolutionNode = FALSE
	EndGlobalSection
	GlobalSection(NestedProjects) = preSolution
		{D9B6E99C-13EC-47AF-9000-42FF135AE7A9} = {827E0CD3-B72D-47B6-A68D-7590B98EB39B}
	EndGlobalSection
EndGlobal
