Microsoft Visual Studio Solution File, Format Version 12.00
# Visual Studio Version 17
VisualStudioVersion = 17.0.31903.59
MinimumVisualStudioVersion = 10.0.40219.1
Project("{FAE04EC0-301F-11D3-BF4B-00C04F79EFBC}") = "OrbModding.Common", "src\OrbModding.Common\OrbModding.Common.csproj", "{F9873121-3B2B-4C5D-9BA7-2E52D6D9F081}"
EndProject
Project("{FAE04EC0-301F-11D3-BF4B-00C04F79EFBC}") = "OrbAchievementResonance", "src\OrbAchievementResonance\OrbAchievementResonance.csproj", "{DF82CEFE-80A8-4F41-A32E-6389F2D5C0B5}"
EndProject
Project("{FAE04EC0-301F-11D3-BF4B-00C04F79EFBC}") = "OrbAutomata", "src\OrbAutomata\OrbAutomata.csproj", "{7A3C2793-D648-44C6-91D4-123297C79262}"
EndProject
Project("{FAE04EC0-301F-11D3-BF4B-00C04F79EFBC}") = "OrbChronomancer", "src\OrbChronomancer\OrbChronomancer.csproj", "{252A0B8D-8EB3-4C9A-B133-2B66A845340F}"
EndProject
Project("{FAE04EC0-301F-11D3-BF4B-00C04F79EFBC}") = "OrbModConfig", "src\OrbModConfig\OrbModConfig.csproj", "{A7B8A00E-4F2F-45B8-99AA-6C08CEAA5C14}"
EndProject
Project("{FAE04EC0-301F-11D3-BF4B-00C04F79EFBC}") = "OrbModding.GameStubs", "tests\OrbModding.GameStubs\OrbModding.GameStubs.csproj", "{34CB52F2-D03E-42EF-9341-58BB60BED40D}"
EndProject
Project("{FAE04EC0-301F-11D3-BF4B-00C04F79EFBC}") = "OrbModding.Tests", "tests\OrbModding.Tests\OrbModding.Tests.csproj", "{B439F5D9-E9C9-474A-AF66-6C84340D39DE}"
EndProject
Project("{FAE04EC0-301F-11D3-BF4B-00C04F79EFBC}") = "OrbModding.GameContractTests", "tests\OrbModding.GameContractTests\OrbModding.GameContractTests.csproj", "{86EF7605-08AE-45EC-833C-A7A11DC054F7}"
EndProject
Global
	GlobalSection(SolutionConfigurationPlatforms) = preSolution
		Debug|Any CPU = Debug|Any CPU
		Release|Any CPU = Release|Any CPU
	EndGlobalSection
	GlobalSection(ProjectConfigurationPlatforms) = postSolution
		{F9873121-3B2B-4C5D-9BA7-2E52D6D9F081}.Debug|Any CPU.ActiveCfg = Debug|Any CPU
		{F9873121-3B2B-4C5D-9BA7-2E52D6D9F081}.Debug|Any CPU.Build.0 = Debug|Any CPU
		{F9873121-3B2B-4C5D-9BA7-2E52D6D9F081}.Release|Any CPU.ActiveCfg = Release|Any CPU
		{F9873121-3B2B-4C5D-9BA7-2E52D6D9F081}.Release|Any CPU.Build.0 = Release|Any CPU
		{DF82CEFE-80A8-4F41-A32E-6389F2D5C0B5}.Debug|Any CPU.ActiveCfg = Debug|Any CPU
		{DF82CEFE-80A8-4F41-A32E-6389F2D5C0B5}.Debug|Any CPU.Build.0 = Debug|Any CPU
		{DF82CEFE-80A8-4F41-A32E-6389F2D5C0B5}.Release|Any CPU.ActiveCfg = Release|Any CPU
		{DF82CEFE-80A8-4F41-A32E-6389F2D5C0B5}.Release|Any CPU.Build.0 = Release|Any CPU
		{7A3C2793-D648-44C6-91D4-123297C79262}.Debug|Any CPU.ActiveCfg = Debug|Any CPU
		{7A3C2793-D648-44C6-91D4-123297C79262}.Debug|Any CPU.Build.0 = Debug|Any CPU
		{7A3C2793-D648-44C6-91D4-123297C79262}.Release|Any CPU.ActiveCfg = Release|Any CPU
		{7A3C2793-D648-44C6-91D4-123297C79262}.Release|Any CPU.Build.0 = Release|Any CPU
		{252A0B8D-8EB3-4C9A-B133-2B66A845340F}.Debug|Any CPU.ActiveCfg = Debug|Any CPU
		{252A0B8D-8EB3-4C9A-B133-2B66A845340F}.Debug|Any CPU.Build.0 = Debug|Any CPU
		{252A0B8D-8EB3-4C9A-B133-2B66A845340F}.Release|Any CPU.ActiveCfg = Release|Any CPU
		{252A0B8D-8EB3-4C9A-B133-2B66A845340F}.Release|Any CPU.Build.0 = Release|Any CPU
		{A7B8A00E-4F2F-45B8-99AA-6C08CEAA5C14}.Debug|Any CPU.ActiveCfg = Debug|Any CPU
		{A7B8A00E-4F2F-45B8-99AA-6C08CEAA5C14}.Debug|Any CPU.Build.0 = Debug|Any CPU
		{A7B8A00E-4F2F-45B8-99AA-6C08CEAA5C14}.Release|Any CPU.ActiveCfg = Release|Any CPU
		{A7B8A00E-4F2F-45B8-99AA-6C08CEAA5C14}.Release|Any CPU.Build.0 = Release|Any CPU
		{34CB52F2-D03E-42EF-9341-58BB60BED40D}.Debug|Any CPU.ActiveCfg = Debug|Any CPU
		{34CB52F2-D03E-42EF-9341-58BB60BED40D}.Debug|Any CPU.Build.0 = Debug|Any CPU
		{34CB52F2-D03E-42EF-9341-58BB60BED40D}.Release|Any CPU.ActiveCfg = Release|Any CPU
		{34CB52F2-D03E-42EF-9341-58BB60BED40D}.Release|Any CPU.Build.0 = Release|Any CPU
		{B439F5D9-E9C9-474A-AF66-6C84340D39DE}.Debug|Any CPU.ActiveCfg = Debug|Any CPU
		{B439F5D9-E9C9-474A-AF66-6C84340D39DE}.Debug|Any CPU.Build.0 = Debug|Any CPU
		{B439F5D9-E9C9-474A-AF66-6C84340D39DE}.Release|Any CPU.ActiveCfg = Release|Any CPU
		{B439F5D9-E9C9-474A-AF66-6C84340D39DE}.Release|Any CPU.Build.0 = Release|Any CPU
		{86EF7605-08AE-45EC-833C-A7A11DC054F7}.Debug|Any CPU.ActiveCfg = Debug|Any CPU
		{86EF7605-08AE-45EC-833C-A7A11DC054F7}.Debug|Any CPU.Build.0 = Debug|Any CPU
		{86EF7605-08AE-45EC-833C-A7A11DC054F7}.Release|Any CPU.ActiveCfg = Release|Any CPU
		{86EF7605-08AE-45EC-833C-A7A11DC054F7}.Release|Any CPU.Build.0 = Release|Any CPU
	EndGlobalSection
	GlobalSection(SolutionProperties) = preSolution
		HideSolutionNode = FALSE
	EndGlobalSection
EndGlobal
